
Microsoft Visual Studio Solution File, Format Version 12.00
# Visual Studio Version 16
VisualStudioVersion = 16.0.31729.503
MinimumVisualStudioVersion = 10.0.40219.1
Project("{FAE04EC0-301F-11D3-BF4B-00C04F79EFBC}") = "BindingElementExample", "BindingElementExample.csproj", "{42A6BD42-A429-4560-A14A-28D009A49D24}"
EndProject
Global
	GlobalSection(SolutionConfigurationPlatforms) = preSolution
		Debug|Any CPU = Debug|Any CPU
		Release|Any CPU = Release|Any CPU
	EndGlobalSection
	GlobalSection(ProjectConfigurationPlatforms) = postSolution
		{42A6BD42-A429-4560-A14A-28D009A49D24}.Debug|Any CPU.ActiveCfg = Debug|Any CPU
		{42A6BD42-A429-4560-A14A-28D009A49D24}.Debug|Any CPU.Build.0 = Debug|Any CPU
		{42A6BD42-A429-4560-A14A-28D009A49D24}.Release|Any CPU.ActiveCfg = Release|Any CPU
		{42A6BD42-A429-4560-A14A-28D009A49D24}.Release|Any CPU.Build.0 = Release|Any CPU
	EndGlobalSection
	GlobalSection(SolutionProperties) = preSolution
		HideSolutionNode = FALSE
	EndGlobalSection
	GlobalSection(ExtensibilityGlobals) = postSolution
		SolutionGuid = {3570F83F-9471-4C4A-9816-5666BE7DD9D6}
	EndGlobalSection
EndGlobal
